
Microsoft Visual Studio Solution File, Format Version 12.00
# Visual Studio Version 17
VisualStudioVersion = 17.0.31903.59
MinimumVisualStudioVersion = 10.0.40219.1
Project("{9A19103F-16F7-4668-BE54-9A1E7A4F7556}") = "AssemblyInitializer", "AssemblyInitializer\AssemblyInitializer.csproj", "{3FCF05ED-96BC-4C6E-A99D-781FDA922290}"
EndProject
Project("{FAE04EC0-301F-11D3-BF4B-00C04F79EFBC}") = "AssemblyInitializer.Console", "AssemblyInitializer.Console\AssemblyInitializer.Console.csproj", "{207CC465-2ED4-4FD1-8812-1CC122166E8D}"
EndProject
Global
	GlobalSection(SolutionConfigurationPlatforms) = preSolution
		Debug|Any CPU = Debug|Any CPU
		Release|Any CPU = Release|Any CPU
	EndGlobalSection
	GlobalSection(ProjectConfigurationPlatforms) = postSolution
		{3FCF05ED-96BC-4C6E-A99D-781FDA922290}.Debug|Any CPU.ActiveCfg = Debug|Any CPU
		{3FCF05ED-96BC-4C6E-A99D-781FDA922290}.Debug|Any CPU.Build.0 = Debug|Any CPU
		{3FCF05ED-96BC-4C6E-A99D-781FDA922290}.Release|Any CPU.ActiveCfg = Release|Any CPU
		{3FCF05ED-96BC-4C6E-A99D-781FDA922290}.Release|Any CPU.Build.0 = Release|Any CPU
		{207CC465-2ED4-4FD1-8812-1CC122166E8D}.Debug|Any CPU.ActiveCfg = Debug|Any CPU
		{207CC465-2ED4-4FD1-8812-1CC122166E8D}.Debug|Any CPU.Build.0 = Debug|Any CPU
		{207CC465-2ED4-4FD1-8812-1CC122166E8D}.Release|Any CPU.ActiveCfg = Release|Any CPU
		{207CC465-2ED4-4FD1-8812-1CC122166E8D}.Release|Any CPU.Build.0 = Release|Any CPU
	EndGlobalSection
	GlobalSection(SolutionProperties) = preSolution
		HideSolutionNode = FALSE
	EndGlobalSection
	GlobalSection(ExtensibilityGlobals) = postSolution
		SolutionGuid = {2452F743-83EA-47D3-80F3-65C426B59BF0}
	EndGlobalSection
EndGlobal
